
Microsoft Visual Studio Solution File, Format Version 12.00
# Visual Studio Version 17
VisualStudioVersion = 17.0.31903.59
MinimumVisualStudioVersion = 10.0.40219.1
Project("{2150E333-8FDC-42A3-9474-1A3956D46DE8}") = "src", "src", "{827E0CD3-B72D-47B6-A68D-7590B98EB39B}"
EndProject
Project("{FAE04EC0-301F-11D3-BF4B-00C04F79EFBC}") = "InvestManage.Domain", "src\InvestManage.Domain\InvestManage.Domain.csproj", "{92AEA815-142E-4458-9D36-78CDD3EC9822}"
EndProject
Project("{FAE04EC0-301F-11D3-BF4B-00C04F79EFBC}") = "InvestManage.Application", "src\InvestManage.Application\InvestManage.Application.csproj", "{4FF99AA0-5F50-425F-82DE-81EFD7096A5F}"
EndProject
Project("{FAE04EC0-301F-11D3-BF4B-00C04F79EFBC}") = "InvestManage.Contracts", "src\InvestManage.Contracts\InvestManage.Contracts.csproj", "{114BECB7-E547-40CB-AC91-5B96E9AE4115}"
EndProject
Project("{FAE04EC0-301F-11D3-BF4B-00C04F79EFBC}") = "InvestManage.Api", "src\InvestManage.Api\InvestManage.Api.csproj", "{EAEDF15C-766D-42AB-A92D-8CC943C230A0}"
EndProject
Project("{FAE04EC0-301F-11D3-BF4B-00C04F79EFBC}") = "InvestManage.Maui", "src\InvestManage.Maui\InvestManage.Maui.csproj", "{D5FD70F5-9AD4-4EA5-BDAF-04C94ECECB70}"
EndProject
Project("{FAE04EC0-301F-11D3-BF4B-00C04F79EFBC}") = "InvestManage.Infrastructure", "src\InvestManage.Infrastructure\InvestManage.Infrastructure.csproj", "{6A6B8B4E-984A-4A7A-9D4C-4DC87E7AB8FA}"
EndProject
Project("{2150E333-8FDC-42A3-9474-1A3956D46DE8}") = "tests", "tests", "{0AB3BF05-4346-4AA6-1389-037BE0695223}"
EndProject
Project("{FAE04EC0-301F-11D3-BF4B-00C04F79EFBC}") = "InvestManage.Domain.Tests", "tests\InvestManage.Domain.Tests\InvestManage.Domain.Tests.csproj", "{7BEB1C2B-B1C4-4A2E-BE24-00B611871FBF}"
EndProject
Project("{FAE04EC0-301F-11D3-BF4B-00C04F79EFBC}") = "InvestManage.Api.Tests", "tests\InvestManage.Api.Tests\InvestManage.Api.Tests.csproj", "{B35110CA-C432-470C-8162-993D20C0F302}"
EndProject
Project("{FAE04EC0-301F-11D3-BF4B-00C04F79EFBC}") = "InvestManage.Maui.Tests", "tests\InvestManage.Maui.Tests\InvestManage.Maui.Tests.csproj", "{37745DA2-B65C-4123-83DB-58285A157A72}"
EndProject
Project("{FAE04EC0-301F-11D3-BF4B-00C04F79EFBC}") = "InvestManage.Infrastructure.Tests", "tests\InvestManage.Infrastructure.Tests\InvestManage.Infrastructure.Tests.csproj", "{CF40A827-9597-4562-9DA8-C8B31D190418}"
EndProject
Project("{FAE04EC0-301F-11D3-BF4B-00C04F79EFBC}") = "InvestManage.Application.Tests", "tests\InvestManage.Application.Tests\InvestManage.Application.Tests.csproj", "{0D3520F9-AB32-4D4F-8B0A-7C77464E924C}"
EndProject
Project("{FAE04EC0-301F-11D3-BF4B-00C04F79EFBC}") = "InvestManage.Client", "src\InvestManage.Client\InvestManage.Client.csproj", "{5655AB3E-2646-4925-8266-2AA7D4E58B54}"
EndProject
Project("{FAE04EC0-301F-11D3-BF4B-00C04F79EFBC}") = "InvestManage.Wpf", "src\InvestManage.Wpf\InvestManage.Wpf.csproj", "{DA8E47AF-65FF-470D-AEFE-5C3BD3235A27}"
EndProject
Project("{FAE04EC0-301F-11D3-BF4B-00C04F79EFBC}") = "InvestManage.Client.Tests", "tests\InvestManage.Client.Tests\InvestManage.Client.Tests.csproj", "{11D8EB83-3BC8-4611-80F9-305AFDF03119}"
EndProject
Project("{FAE04EC0-301F-11D3-BF4B-00C04F79EFBC}") = "InvestManage.Wpf.Tests", "tests\InvestManage.Wpf.Tests\InvestManage.Wpf.Tests.csproj", "{A031FDB5-FBCA-4ADB-9AFB-BC6CB60C6604}"
EndProject
Global
	GlobalSection(SolutionConfigurationPlatforms) = preSolution
		Debug|Any CPU = Debug|Any CPU
		Debug|x64 = Debug|x64
		Debug|x86 = Debug|x86
		Release|Any CPU = Release|Any CPU
		Release|x64 = Release|x64
		Release|x86 = Release|x86
	EndGlobalSection
	GlobalSection(ProjectConfigurationPlatforms) = postSolution
		{92AEA815-142E-4458-9D36-78CDD3EC9822}.Debug|Any CPU.ActiveCfg = Debug|Any CPU
		{92AEA815-142E-4458-9D36-78CDD3EC9822}.Debug|Any CPU.Build.0 = Debug|Any CPU
		{92AEA815-142E-4458-9D36-78CDD3EC9822}.Debug|x64.ActiveCfg = Debug|Any CPU
		{92AEA815-142E-4458-9D36-78CDD3EC9822}.Debug|x64.Build.0 = Debug|Any CPU
		{92AEA815-142E-4458-9D36-78CDD3EC9822}.Debug|x86.ActiveCfg = Debug|Any CPU
		{92AEA815-142E-4458-9D36-78CDD3EC9822}.Debug|x86.Build.0 = Debug|Any CPU
		{92AEA815-142E-4458-9D36-78CDD3EC9822}.Release|Any CPU.ActiveCfg = Release|Any CPU
		{92AEA815-142E-4458-9D36-78CDD3EC9822}.Release|Any CPU.Build.0 = Release|Any CPU
		{92AEA815-142E-4458-9D36-78CDD3EC9822}.Release|x64.ActiveCfg = Release|Any CPU
		{92AEA815-142E-4458-9D36-78CDD3EC9822}.Release|x64.Build.0 = Release|Any CPU
		{92AEA815-142E-4458-9D36-78CDD3EC9822}.Release|x86.ActiveCfg = Release|Any CPU
		{92AEA815-142E-4458-9D36-78CDD3EC9822}.Release|x86.Build.0 = Release|Any CPU
		{4FF99AA0-5F50-425F-82DE-81EFD7096A5F}.Debug|Any CPU.ActiveCfg = Debug|Any CPU
		{4FF99AA0-5F50-425F-82DE-81EFD7096A5F}.Debug|Any CPU.Build.0 = Debug|Any CPU
		{4FF99AA0-5F50-425F-82DE-81EFD7096A5F}.Debug|x64.ActiveCfg = Debug|Any CPU
		{4FF99AA0-5F50-425F-82DE-81EFD7096A5F}.Debug|x64.Build.0 = Debug|Any CPU
		{4FF99AA0-5F50-425F-82DE-81EFD7096A5F}.Debug|x86.ActiveCfg = Debug|Any CPU
		{4FF99AA0-5F50-425F-82DE-81EFD7096A5F}.Debug|x86.Build.0 = Debug|Any CPU
		{4FF99AA0-5F50-425F-82DE-81EFD7096A5F}.Release|Any CPU.ActiveCfg = Release|Any CPU
		{4FF99AA0-5F50-425F-82DE-81EFD7096A5F}.Release|Any CPU.Build.0 = Release|Any CPU
		{4FF99AA0-5F50-425F-82DE-81EFD7096A5F}.Release|x64.ActiveCfg = Release|Any CPU
		{4FF99AA0-5F50-425F-82DE-81EFD7096A5F}.Release|x64.Build.0 = Release|Any CPU
		{4FF99AA0-5F50-425F-82DE-81EFD7096A5F}.Release|x86.ActiveCfg = Release|Any CPU
		{4FF99AA0-5F50-425F-82DE-81EFD7096A5F}.Release|x86.Build.0 = Release|Any CPU
		{114BECB7-E547-40CB-AC91-5B96E9AE4115}.Debug|Any CPU.ActiveCfg = Debug|Any CPU
		{114BECB7-E547-40CB-AC91-5B96E9AE4115}.Debug|Any CPU.Build.0 = Debug|Any CPU
		{114BECB7-E547-40CB-AC91-5B96E9AE4115}.Debug|x64.ActiveCfg = Debug|Any CPU
		{114BECB7-E547-40CB-AC91-5B96E9AE4115}.Debug|x64.Build.0 = Debug|Any CPU
		{114BECB7-E547-40CB-AC91-5B96E9AE4115}.Debug|x86.ActiveCfg = Debug|Any CPU
		{114BECB7-E547-40CB-AC91-5B96E9AE4115}.Debug|x86.Build.0 = Debug|Any CPU
		{114BECB7-E547-40CB-AC91-5B96E9AE4115}.Release|Any CPU.ActiveCfg = Release|Any CPU
		{114BECB7-E547-40CB-AC91-5B96E9AE4115}.Release|Any CPU.Build.0 = Release|Any CPU
		{114BECB7-E547-40CB-AC91-5B96E9AE4115}.Release|x64.ActiveCfg = Release|Any CPU
		{114BECB7-E547-40CB-AC91-5B96E9AE4115}.Release|x64.Build.0 = Release|Any CPU
		{114BECB7-E547-40CB-AC91-5B96E9AE4115}.Release|x86.ActiveCfg = Release|Any CPU
		{114BECB7-E547-40CB-AC91-5B96E9AE4115}.Release|x86.Build.0 = Release|Any CPU
		{EAEDF15C-766D-42AB-A92D-8CC943C230A0}.Debug|Any CPU.ActiveCfg = Debug|Any CPU
		{EAEDF15C-766D-42AB-A92D-8CC943C230A0}.Debug|Any CPU.Build.0 = Debug|Any CPU
		{EAEDF15C-766D-42AB-A92D-8CC943C230A0}.Debug|x64.ActiveCfg = Debug|Any CPU
		{EAEDF15C-766D-42AB-A92D-8CC943C230A0}.Debug|x64.Build.0 = Debug|Any CPU
		{EAEDF15C-766D-42AB-A92D-8CC943C230A0}.Debug|x86.ActiveCfg = Debug|Any CPU
		{EAEDF15C-766D-42AB-A92D-8CC943C230A0}.Debug|x86.Build.0 = Debug|Any CPU
		{EAEDF15C-766D-42AB-A92D-8CC943C230A0}.Release|Any CPU.ActiveCfg = Release|Any CPU
		{EAEDF15C-766D-42AB-A92D-8CC943C230A0}.Release|Any CPU.Build.0 = Release|Any CPU
		{EAEDF15C-766D-42AB-A92D-8CC943C230A0}.Release|x64.ActiveCfg = Release|Any CPU
		{EAEDF15C-766D-42AB-A92D-8CC943C230A0}.Release|x64.Build.0 = Release|Any CPU
		{EAEDF15C-766D-42AB-A92D-8CC943C230A0}.Release|x86.ActiveCfg = Release|Any CPU
		{EAEDF15C-766D-42AB-A92D-8CC943C230A0}.Release|x86.Build.0 = Release|Any CPU
		{D5FD70F5-9AD4-4EA5-BDAF-04C94ECECB70}.Debug|Any CPU.ActiveCfg = Debug|Any CPU
		{D5FD70F5-9AD4-4EA5-BDAF-04C94ECECB70}.Debug|Any CPU.Build.0 = Debug|Any CPU
		{D5FD70F5-9AD4-4EA5-BDAF-04C94ECECB70}.Debug|x64.ActiveCfg = Debug|Any CPU
		{D5FD70F5-9AD4-4EA5-BDAF-04C94ECECB70}.Debug|x64.Build.0 = Debug|Any CPU
		{D5FD70F5-9AD4-4EA5-BDAF-04C94ECECB70}.Debug|x86.ActiveCfg = Debug|Any CPU
		{D5FD70F5-9AD4-4EA5-BDAF-04C94ECECB70}.Debug|x86.Build.0 = Debug|Any CPU
		{D5FD70F5-9AD4-4EA5-BDAF-04C94ECECB70}.Release|Any CPU.ActiveCfg = Release|Any CPU
		{D5FD70F5-9AD4-4EA5-BDAF-04C94ECECB70}.Release|Any CPU.Build.0 = Release|Any CPU
		{D5FD70F5-9AD4-4EA5-BDAF-04C94ECECB70}.Release|x64.ActiveCfg = Release|Any CPU
		{D5FD70F5-9AD4-4EA5-BDAF-04C94ECECB70}.Release|x64.Build.0 = Release|Any CPU
		{D5FD70F5-9AD4-4EA5-BDAF-04C94ECECB70}.Release|x86.ActiveCfg = Release|Any CPU
		{D5FD70F5-9AD4-4EA5-BDAF-04C94ECECB70}.Release|x86.Build.0 = Release|Any CPU
		{6A6B8B4E-984A-4A7A-9D4C-4DC87E7AB8FA}.Debug|Any CPU.ActiveCfg = Debug|Any CPU
		{6A6B8B4E-984A-4A7A-9D4C-4DC87E7AB8FA}.Debug|Any CPU.Build.0 = Debug|Any CPU
		{6A6B8B4E-984A-4A7A-9D4C-4DC87E7AB8FA}.Debug|x64.ActiveCfg = Debug|Any CPU
		{6A6B8B4E-984A-4A7A-9D4C-4DC87E7AB8FA}.Debug|x64.Build.0 = Debug|Any CPU
		{6A6B8B4E-984A-4A7A-9D4C-4DC87E7AB8FA}.Debug|x86.ActiveCfg = Debug|Any CPU
		{6A6B8B4E-984A-4A7A-9D4C-4DC87E7AB8FA}.Debug|x86.Build.0 = Debug|Any CPU
		{6A6B8B4E-984A-4A7A-9D4C-4DC87E7AB8FA}.Release|Any CPU.ActiveCfg = Release|Any CPU
		{6A6B8B4E-984A-4A7A-9D4C-4DC87E7AB8FA}.Release|Any CPU.Build.0 = Release|Any CPU
		{6A6B8B4E-984A-4A7A-9D4C-4DC87E7AB8FA}.Release|x64.ActiveCfg = Release|Any CPU
		{6A6B8B4E-984A-4A7A-9D4C-4DC87E7AB8FA}.Release|x64.Build.0 = Release|Any CPU
		{6A6B8B4E-984A-4A7A-9D4C-4DC87E7AB8FA}.Release|x86.ActiveCfg = Release|Any CPU
		{6A6B8B4E-984A-4A7A-9D4C-4DC87E7AB8FA}.Release|x86.Build.0 = Release|Any CPU
		{7BEB1C2B-B1C4-4A2E-BE24-00B611871FBF}.Debug|Any CPU.ActiveCfg = Debug|Any CPU
		{7BEB1C2B-B1C4-4A2E-BE24-00B611871FBF}.Debug|Any CPU.Build.0 = Debug|Any CPU
		{7BEB1C2B-B1C4-4A2E-BE24-00B611871FBF}.Debug|x64.ActiveCfg = Debug|Any CPU
		{7BEB1C2B-B1C4-4A2E-BE24-00B611871FBF}.Debug|x64.Build.0 = Debug|Any CPU
		{7BEB1C2B-B1C4-4A2E-BE24-00B611871FBF}.Debug|x86.ActiveCfg = Debug|Any CPU
		{7BEB1C2B-B1C4-4A2E-BE24-00B611871FBF}.Debug|x86.Build.0 = Debug|Any CPU
		{7BEB1C2B-B1C4-4A2E-BE24-00B611871FBF}.Release|Any CPU.ActiveCfg = Release|Any CPU
		{7BEB1C2B-B1C4-4A2E-BE24-00B611871FBF}.Release|Any CPU.Build.0 = Release|Any CPU
		{7BEB1C2B-B1C4-4A2E-BE24-00B611871FBF}.Release|x64.ActiveCfg = Release|Any CPU
		{7BEB1C2B-B1C4-4A2E-BE24-00B611871FBF}.Release|x64.Build.0 = Release|Any CPU
		{7BEB1C2B-B1C4-4A2E-BE24-00B611871FBF}.Release|x86.ActiveCfg = Release|Any CPU
		{7BEB1C2B-B1C4-4A2E-BE24-00B611871FBF}.Release|x86.Build.0 = Release|Any CPU
		{B35110CA-C432-470C-8162-993D20C0F302}.Debug|Any CPU.ActiveCfg = Debug|Any CPU
		{B35110CA-C432-470C-8162-993D20C0F302}.Debug|Any CPU.Build.0 = Debug|Any CPU
		{B35110CA-C432-470C-8162-993D20C0F302}.Debug|x64.ActiveCfg = Debug|Any CPU
		{B35110CA-C432-470C-8162-993D20C0F302}.Debug|x64.Build.0 = Debug|Any CPU
		{B35110CA-C432-470C-8162-993D20C0F302}.Debug|x86.ActiveCfg = Debug|Any CPU
		{B35110CA-C432-470C-8162-993D20C0F302}.Debug|x86.Build.0 = Debug|Any CPU
		{B35110CA-C432-470C-8162-993D20C0F302}.Release|Any CPU.ActiveCfg = Release|Any CPU
		{B35110CA-C432-470C-8162-993D20C0F302}.Release|Any CPU.Build.0 = Release|Any CPU
		{B35110CA-C432-470C-8162-993D20C0F302}.Release|x64.ActiveCfg = Release|Any CPU
		{B35110CA-C432-470C-8162-993D20C0F302}.Release|x64.Build.0 = Release|Any CPU
		{B35110CA-C432-470C-8162-993D20C0F302}.Release|x86.ActiveCfg = Release|Any CPU
		{B35110CA-C432-470C-8162-993D20C0F302}.Release|x86.Build.0 = Release|Any CPU
		{37745DA2-B65C-4123-83DB-58285A157A72}.Debug|Any CPU.ActiveCfg = Debug|Any CPU
		{37745DA2-B65C-4123-83DB-58285A157A72}.Debug|Any CPU.Build.0 = Debug|Any CPU
		{37745DA2-B65C-4123-83DB-58285A157A72}.Debug|x64.ActiveCfg = Debug|Any CPU
		{37745DA2-B65C-4123-83DB-58285A157A72}.Debug|x64.Build.0 = Debug|Any CPU
		{37745DA2-B65C-4123-83DB-58285A157A72}.Debug|x86.ActiveCfg = Debug|Any CPU
		{37745DA2-B65C-4123-83DB-58285A157A72}.Debug|x86.Build.0 = Debug|Any CPU
		{37745DA2-B65C-4123-83DB-58285A157A72}.Release|Any CPU.ActiveCfg = Release|Any CPU
		{37745DA2-B65C-4123-83DB-58285A157A72}.Release|Any CPU.Build.0 = Release|Any CPU
		{37745DA2-B65C-4123-83DB-58285A157A72}.Release|x64.ActiveCfg = Release|Any CPU
		{37745DA2-B65C-4123-83DB-58285A157A72}.Release|x64.Build.0 = Release|Any CPU
		{37745DA2-B65C-4123-83DB-58285A157A72}.Release|x86.ActiveCfg = Release|Any CPU
		{37745DA2-B65C-4123-83DB-58285A157A72}.Release|x86.Build.0 = Release|Any CPU
		{CF40A827-9597-4562-9DA8-C8B31D190418}.Debug|Any CPU.ActiveCfg = Debug|Any CPU
		{CF40A827-9597-4562-9DA8-C8B31D190418}.Debug|Any CPU.Build.0 = Debug|Any CPU
		{CF40A827-9597-4562-9DA8-C8B31D190418}.Debug|x64.ActiveCfg = Debug|Any CPU
		{CF40A827-9597-4562-9DA8-C8B31D190418}.Debug|x64.Build.0 = Debug|Any CPU
		{CF40A827-9597-4562-9DA8-C8B31D190418}.Debug|x86.ActiveCfg = Debug|Any CPU
		{CF40A827-9597-4562-9DA8-C8B31D190418}.Debug|x86.Build.0 = Debug|Any CPU
		{CF40A827-9597-4562-9DA8-C8B31D190418}.Release|Any CPU.ActiveCfg = Release|Any CPU
		{CF40A827-9597-4562-9DA8-C8B31D190418}.Release|Any CPU.Build.0 = Release|Any CPU
		{CF40A827-9597-4562-9DA8-C8B31D190418}.Release|x64.ActiveCfg = Release|Any CPU
		{CF40A827-9597-4562-9DA8-C8B31D190418}.Release|x64.Build.0 = Release|Any CPU
		{CF40A827-9597-4562-9DA8-C8B31D190418}.Release|x86.ActiveCfg = Release|Any CPU
		{CF40A827-9597-4562-9DA8-C8B31D190418}.Release|x86.Build.0 = Release|Any CPU
		{0D3520F9-AB32-4D4F-8B0A-7C77464E924C}.Debug|Any CPU.ActiveCfg = Debug|Any CPU
		{0D3520F9-AB32-4D4F-8B0A-7C77464E924C}.Debug|Any CPU.Build.0 = Debug|Any CPU
		{0D3520F9-AB32-4D4F-8B0A-7C77464E924C}.Debug|x64.ActiveCfg = Debug|Any CPU
		{0D3520F9-AB32-4D4F-8B0A-7C77464E924C}.Debug|x64.Build.0 = Debug|Any CPU
		{0D3520F9-AB32-4D4F-8B0A-7C77464E924C}.Debug|x86.ActiveCfg = Debug|Any CPU
		{0D3520F9-AB32-4D4F-8B0A-7C77464E924C}.Debug|x86.Build.0 = Debug|Any CPU
		{0D3520F9-AB32-4D4F-8B0A-7C77464E924C}.Release|Any CPU.ActiveCfg = Release|Any CPU
		{0D3520F9-AB32-4D4F-8B0A-7C77464E924C}.Release|Any CPU.Build.0 = Release|Any CPU
		{0D3520F9-AB32-4D4F-8B0A-7C77464E924C}.Release|x64.ActiveCfg = Release|Any CPU
		{0D3520F9-AB32-4D4F-8B0A-7C77464E924C}.Release|x64.Build.0 = Release|Any CPU
		{0D3520F9-AB32-4D4F-8B0A-7C77464E924C}.Release|x86.ActiveCfg = Release|Any CPU
		{0D3520F9-AB32-4D4F-8B0A-7C77464E924C}.Release|x86.Build.0 = Release|Any CPU
		{5655AB3E-2646-4925-8266-2AA7D4E58B54}.Debug|Any CPU.ActiveCfg = Debug|Any CPU
		{5655AB3E-2646-4925-8266-2AA7D4E58B54}.Debug|Any CPU.Build.0 = Debug|Any CPU
		{5655AB3E-2646-4925-8266-2AA7D4E58B54}.Debug|x64.ActiveCfg = Debug|Any CPU
		{5655AB3E-2646-4925-8266-2AA7D4E58B54}.Debug|x64.Build.0 = Debug|Any CPU
		{5655AB3E-2646-4925-8266-2AA7D4E58B54}.Debug|x86.ActiveCfg = Debug|Any CPU
		{5655AB3E-2646-4925-8266-2AA7D4E58B54}.Debug|x86.Build.0 = Debug|Any CPU
		{5655AB3E-2646-4925-8266-2AA7D4E58B54}.Release|Any CPU.ActiveCfg = Release|Any CPU
		{5655AB3E-2646-4925-8266-2AA7D4E58B54}.Release|Any CPU.Build.0 = Release|Any CPU
		{5655AB3E-2646-4925-8266-2AA7D4E58B54}.Release|x64.ActiveCfg = Release|Any CPU
		{5655AB3E-2646-4925-8266-2AA7D4E58B54}.Release|x64.Build.0 = Release|Any CPU
		{5655AB3E-2646-4925-8266-2AA7D4E58B54}.Release|x86.ActiveCfg = Release|Any CPU
		{5655AB3E-2646-4925-8266-2AA7D4E58B54}.Release|x86.Build.0 = Release|Any CPU
		{DA8E47AF-65FF-470D-AEFE-5C3BD3235A27}.Debug|Any CPU.ActiveCfg = Debug|Any CPU
		{DA8E47AF-65FF-470D-AEFE-5C3BD3235A27}.Debug|Any CPU.Build.0 = Debug|Any CPU
		{DA8E47AF-65FF-470D-AEFE-5C3BD3235A27}.Debug|x64.ActiveCfg = Debug|Any CPU
		{DA8E47AF-65FF-470D-AEFE-5C3BD3235A27}.Debug|x64.Build.0 = Debug|Any CPU
		{DA8E47AF-65FF-470D-AEFE-5C3BD3235A27}.Debug|x86.ActiveCfg = Debug|Any CPU
		{DA8E47AF-65FF-470D-AEFE-5C3BD3235A27}.Debug|x86.Build.0 = Debug|Any CPU
		{DA8E47AF-65FF-470D-AEFE-5C3BD3235A27}.Release|Any CPU.ActiveCfg = Release|Any CPU
		{DA8E47AF-65FF-470D-AEFE-5C3BD3235A27}.Release|Any CPU.Build.0 = Release|Any CPU
		{DA8E47AF-65FF-470D-AEFE-5C3BD3235A27}.Release|x64.ActiveCfg = Release|Any CPU
		{DA8E47AF-65FF-470D-AEFE-5C3BD3235A27}.Release|x64.Build.0 = Release|Any CPU
		{DA8E47AF-65FF-470D-AEFE-5C3BD3235A27}.Release|x86.ActiveCfg = Release|Any CPU
		{DA8E47AF-65FF-470D-AEFE-5C3BD3235A27}.Release|x86.Build.0 = Release|Any CPU
		{11D8EB83-3BC8-4611-80F9-305AFDF03119}.Debug|Any CPU.ActiveCfg = Debug|Any CPU
		{11D8EB83-3BC8-4611-80F9-305AFDF03119}.Debug|Any CPU.Build.0 = Debug|Any CPU
		{11D8EB83-3BC8-4611-80F9-305AFDF03119}.Debug|x64.ActiveCfg = Debug|Any CPU
		{11D8EB83-3BC8-4611-80F9-305AFDF03119}.Debug|x64.Build.0 = Debug|Any CPU
		{11D8EB83-3BC8-4611-80F9-305AFDF03119}.Debug|x86.ActiveCfg = Debug|Any CPU
		{11D8EB83-3BC8-4611-80F9-305AFDF03119}.Debug|x86.Build.0 = Debug|Any CPU
		{11D8EB83-3BC8-4611-80F9-305AFDF03119}.Release|Any CPU.ActiveCfg = Release|Any CPU
		{11D8EB83-3BC8-4611-80F9-305AFDF03119}.Release|Any CPU.Build.0 = Release|Any CPU
		{11D8EB83-3BC8-4611-80F9-305AFDF03119}.Release|x64.ActiveCfg = Release|Any CPU
		{11D8EB83-3BC8-4611-80F9-305AFDF03119}.Release|x64.Build.0 = Release|Any CPU
		{11D8EB83-3BC8-4611-80F9-305AFDF03119}.Release|x86.ActiveCfg = Release|Any CPU
		{11D8EB83-3BC8-4611-80F9-305AFDF03119}.Release|x86.Build.0 = Release|Any CPU
		{A031FDB5-FBCA-4ADB-9AFB-BC6CB60C6604}.Debug|Any CPU.ActiveCfg = Debug|Any CPU
		{A031FDB5-FBCA-4ADB-9AFB-BC6CB60C6604}.Debug|Any CPU.Build.0 = Debug|Any CPU
		{A031FDB5-FBCA-4ADB-9AFB-BC6CB60C6604}.Debug|x64.ActiveCfg = Debug|Any CPU
		{A031FDB5-FBCA-4ADB-9AFB-BC6CB60C6604}.Debug|x64.Build.0 = Debug|Any CPU
		{A031FDB5-FBCA-4ADB-9AFB-BC6CB60C6604}.Debug|x86.ActiveCfg = Debug|Any CPU
		{A031FDB5-FBCA-4ADB-9AFB-BC6CB60C6604}.Debug|x86.Build.0 = Debug|Any CPU
		{A031FDB5-FBCA-4ADB-9AFB-BC6CB60C6604}.Release|Any CPU.ActiveCfg = Release|Any CPU
		{A031FDB5-FBCA-4ADB-9AFB-BC6CB60C6604}.Release|Any CPU.Build.0 = Release|Any CPU
		{A031FDB5-FBCA-4ADB-9AFB-BC6CB60C6604}.Release|x64.ActiveCfg = Release|Any CPU
		{A031FDB5-FBCA-4ADB-9AFB-BC6CB60C6604}.Release|x64.Build.0 = Release|Any CPU
		{A031FDB5-FBCA-4ADB-9AFB-BC6CB60C6604}.Release|x86.ActiveCfg = Release|Any CPU
		{A031FDB5-FBCA-4ADB-9AFB-BC6CB60C6604}.Release|x86.Build.0 = Release|Any CPU
	EndGlobalSection
	GlobalSection(SolutionProperties) = preSolution
		HideSolutionNode = FALSE
	EndGlobalSection
	GlobalSection(NestedProjects) = preSolution
		{92AEA815-142E-4458-9D36-78CDD3EC9822} = {827E0CD3-B72D-47B6-A68D-7590B98EB39B}
		{4FF99AA0-5F50-425F-82DE-81EFD7096A5F} = {827E0CD3-B72D-47B6-A68D-7590B98EB39B}
		{114BECB7-E547-40CB-AC91-5B96E9AE4115} = {827E0CD3-B72D-47B6-A68D-7590B98EB39B}
		{EAEDF15C-766D-42AB-A92D-8CC943C230A0} = {827E0CD3-B72D-47B6-A68D-7590B98EB39B}
		{D5FD70F5-9AD4-4EA5-BDAF-04C94ECECB70} = {827E0CD3-B72D-47B6-A68D-7590B98EB39B}
		{6A6B8B4E-984A-4A7A-9D4C-4DC87E7AB8FA} = {827E0CD3-B72D-47B6-A68D-7590B98EB39B}
		{7BEB1C2B-B1C4-4A2E-BE24-00B611871FBF} = {0AB3BF05-4346-4AA6-1389-037BE0695223}
		{B35110CA-C432-470C-8162-993D20C0F302} = {0AB3BF05-4346-4AA6-1389-037BE0695223}
		{37745DA2-B65C-4123-83DB-58285A157A72} = {0AB3BF05-4346-4AA6-1389-037BE0695223}
		{CF40A827-9597-4562-9DA8-C8B31D190418} = {0AB3BF05-4346-4AA6-1389-037BE0695223}
		{0D3520F9-AB32-4D4F-8B0A-7C77464E924C} = {0AB3BF05-4346-4AA6-1389-037BE0695223}
		{5655AB3E-2646-4925-8266-2AA7D4E58B54} = {827E0CD3-B72D-47B6-A68D-7590B98EB39B}
		{DA8E47AF-65FF-470D-AEFE-5C3BD3235A27} = {827E0CD3-B72D-47B6-A68D-7590B98EB39B}
		{11D8EB83-3BC8-4611-80F9-305AFDF03119} = {0AB3BF05-4346-4AA6-1389-037BE0695223}
		{A031FDB5-FBCA-4ADB-9AFB-BC6CB60C6604} = {0AB3BF05-4346-4AA6-1389-037BE0695223}
	EndGlobalSection
EndGlobal
